PODS:
  - BoringSSL-GRPC (0.0.2):
    - BoringSSL-GRPC/Implementation (= 0.0.2)
    - BoringSSL-GRPC/Interface (= 0.0.2)
  - BoringSSL-GRPC/Implementation (0.0.2):
    - BoringSSL-GRPC/Interface (= 0.0.2)
  - BoringSSL-GRPC/Interface (0.0.2)
  - Firebase/Core (5.20.2):
    - Firebase/CoreOnly
    - FirebaseAnalytics (= 5.8.1)
  - Firebase/CoreOnly (5.20.2):
    - FirebaseCore (= 5.4.1)
  - Firebase/Database (5.20.2):
    - Firebase/CoreOnly
    - FirebaseDatabase (= 5.1.1)
  - Firebase/Firestore (5.20.2):
    - Firebase/CoreOnly
    - FirebaseFirestore (= 1.2.1)
  - FirebaseAnalytics (5.8.1):
    - FirebaseCore (~> 5.4)
    - FirebaseInstanceID (~> 3.8)
    - GoogleAppMeasurement (= 5.8.1)
    - GoogleUtilities/AppDelegateSwizzler (~> 5.2)
    - GoogleUtilities/MethodSwizzler (~> 5.2)
    - GoogleUtilities/Network (~> 5.2)
    - "GoogleUtilities/NSData+zlib (~> 5.2)"
    - nanopb (~> 0.3)
  - FirebaseAuthInterop (1.0.0)
  - FirebaseCore (5.4.1):
    - GoogleUtilities/Environment (~> 5.2)
    - GoogleUtilities/Logger (~> 5.2)
  - FirebaseDatabase (5.1.1):
    - FirebaseAuthInterop (~> 1.0)
    - FirebaseCore (~> 5.2)
    - leveldb-library (~> 1.18)
  - FirebaseFirestore (1.2.1):
    - FirebaseAuthInterop (~> 1.0)
    - FirebaseCore (~> 5.2)
    - FirebaseFirestore/abseil-cpp (= 1.2.1)
    - "gRPC-C++ (= 0.0.6)"
    - leveldb-library (~> 1.20)
    - nanopb (~> 0.3.901)
    - Protobuf (~> 3.1)
  - FirebaseFirestore/abseil-cpp (1.2.1):
    - FirebaseAuthInterop (~> 1.0)
    - FirebaseCore (~> 5.2)
    - "gRPC-C++ (= 0.0.6)"
    - leveldb-library (~> 1.20)
    - nanopb (~> 0.3.901)
    - Protobuf (~> 3.1)
  - FirebaseInstanceID (3.8.1):
    - FirebaseCore (~> 5.2)
    - GoogleUtilities/Environment (~> 5.2)
    - GoogleUtilities/UserDefaults (~> 5.2)
  - Flutter (1.0.0)
  - GeoFire (3.0.0):
    - Firebase/Database (~> 5.0)
  - GoogleAppMeasurement (5.8.1):
    - GoogleUtilities/AppDelegateSwizzler (~> 5.2)
    - GoogleUtilities/MethodSwizzler (~> 5.2)
    - GoogleUtilities/Network (~> 5.2)
    - "GoogleUtilities/NSData+zlib (~> 5.2)"
    - nanopb (~> 0.3)
  - GoogleMaps (3.6.0):
    - GoogleMaps/Maps (= 3.6.0)
  - GoogleMaps/Base (3.6.0)
  - GoogleMaps/Maps (3.6.0):
    - GoogleMaps/Base
  - GoogleUtilities/AppDelegateSwizzler (5.8.0):
    - GoogleUtilities/Environment
    - GoogleUtilities/Logger
    - GoogleUtilities/Network
  - GoogleUtilities/Environment (5.8.0)
  - GoogleUtilities/Logger (5.8.0):
    - GoogleUtilities/Environment
  - GoogleUtilities/MethodSwizzler (5.8.0):
    - GoogleUtilities/Logger
  - GoogleUtilities/Network (5.8.0):
    - GoogleUtilities/Logger
    - "GoogleUtilities/NSData+zlib"
    - GoogleUtilities/Reachability
  - "GoogleUtilities/NSData+zlib (5.8.0)"
  - GoogleUtilities/Reachability (5.8.0):
    - GoogleUtilities/Logger
  - GoogleUtilities/UserDefaults (5.8.0):
    - GoogleUtilities/Logger
  - "gRPC-C++ (0.0.6)":
    - "gRPC-C++/Implementation (= 0.0.6)"
    - "gRPC-C++/Interface (= 0.0.6)"
  - "gRPC-C++/Implementation (0.0.6)":
    - "gRPC-C++/Interface (= 0.0.6)"
    - gRPC-Core (= 1.17.0)
    - nanopb (~> 0.3)
  - "gRPC-C++/Interface (0.0.6)"
  - gRPC-Core (1.17.0):
    - gRPC-Core/Implementation (= 1.17.0)
    - gRPC-Core/Interface (= 1.17.0)
  - gRPC-Core/Implementation (1.17.0):
    - BoringSSL-GRPC (= 0.0.2)
    - gRPC-Core/Interface (= 1.17.0)
    - nanopb (~> 0.3)
  - gRPC-Core/Interface (1.17.0)
  - leveldb-library (1.22)
  - mobile_map_core (0.0.1):
    - Firebase/Core
    - Firebase/Firestore
    - Flutter
    - GeoFire (~> 3.0)
    - GoogleMaps
    - Pulley (~> 2.5.0)
  - nanopb (0.3.9011):
    - nanopb/decode (= 0.3.9011)
    - nanopb/encode (= 0.3.9011)
  - nanopb/decode (0.3.9011)
  - nanopb/encode (0.3.9011)
  - Protobuf (3.10.0)
  - Pulley (2.5.0)

DEPENDENCIES:
  - Flutter (from `.symlinks/flutter/ios-release`)
  - mobile_map_core (from `.symlinks/plugins/mobile_map_core/ios`)

SPEC REPOS:
  trunk:
    - BoringSSL-GRPC
    - Firebase
    - FirebaseAnalytics
    - FirebaseAuthInterop
    - FirebaseCore
    - FirebaseDatabase
    - FirebaseFirestore
    - FirebaseInstanceID
    - GeoFire
    - GoogleAppMeasurement
    - GoogleMaps
    - GoogleUtilities
    - "gRPC-C++"
    - gRPC-Core
    - leveldb-library
    - nanopb
    - Protobuf
    - Pulley

EXTERNAL SOURCES:
  Flutter:
    :path: ".symlinks/flutter/ios-release"
  mobile_map_core:
    :path: ".symlinks/plugins/mobile_map_core/ios"

SPEC CHECKSUMS:
  BoringSSL-GRPC: 2a230d9cd93e7ce39916044f645cebb31f37dde6
  Firebase: 0c8cf33f266410c61ab3e2265cfa412200351d9c
  FirebaseAnalytics: ece1aa57a4f43c64d53a648b5a5e05151aae947b
  FirebaseAuthInterop: 0ffa57668be100582bb7643d4fcb7615496c41fc
  FirebaseCore: f1a9a8be1aee4bf71a2fc0f4096df6788bdfda61
  FirebaseDatabase: 2c15b0ea6f2c6eb5e57413f9d6340f1e50b81ae3
  FirebaseFirestore: faca891c0f0d1d6c10c793473e2f6a29d75014b5
  FirebaseInstanceID: a122b0c258720cf250551bb2bedf48c699f80d90
  Flutter: 0e3d915762c693b495b44d77113d4970485de6ec
  GeoFire: e3ae6f4be3f2466c3467ef6c1c203db3af935c59
  GoogleAppMeasurement: ffe513e90551844a739e7bcbb1d2aca1c28a4338
  GoogleMaps: 82f8fe307193bb4de6ef6bf9e88f1d624b718f9d
  GoogleUtilities: 04fce34bcd5620c1ee76fb79172105c74a4df335
  "gRPC-C++": e76441995900ac90e9bd98644ab4733f12521edf
  gRPC-Core: 4028031ed2c5267cca0d846c876d8046b1ecb9b6
  leveldb-library: 55d93ee664b4007aac644a782d11da33fba316f7
  mobile_map_core: 9f149a8d1535f5d4c88430e2211f0f3976c21cd4
  nanopb: 18003b5e52dab79db540fe93fe9579f399bd1ccd
  Protobuf: a4dc852ad69c027ca2166ed287b856697814375b
  Pulley: cd351f605ec2e7412c69d39313c49f99dd1f97c1

PODFILE CHECKSUM: ca9588f3978e478d9bb946e8cc6a1201c640168a

COCOAPODS: 1.8.4
